
Microsoft Visual Studio Solution File, Format Version 12.00
# Visual Studio Version 16
VisualStudioVersion = 16.0.31702.278
MinimumVisualStudioVersion = 10.0.40219.1
Project("{FAE04EC0-301F-11D3-BF4B-00C04F79EFBC}") = "Ecommerce.Api.Products", "Ecommerce.Api.Products\Ecommerce.Api.Products.csproj", "{53BFACAB-1C3C-42E7-BF6B-48246F499C04}"
EndProject
Project("{FAE04EC0-301F-11D3-BF4B-00C04F79EFBC}") = "Ecommerce.Api.Customers", "Ecommerce.Api.Customers\Ecommerce.Api.Customers.csproj", "{78FEC088-85B3-4D98-8D71-315FBA4C32C4}"
EndProject
Project("{FAE04EC0-301F-11D3-BF4B-00C04F79EFBC}") = "Ecommerce.Api.Orders", "Ecommerce.Api.Orders\Ecommerce.Api.Orders.csproj", "{E6A47066-2420-4EDF-B653-B21A9BBF5B3C}"
EndProject
Project("{FAE04EC0-301F-11D3-BF4B-00C04F79EFBC}") = "Ecommerce.Api.Search", "Ecommerce.Api.Search\Ecommerce.Api.Search.csproj", "{0FE59BA5-EB85-4875-8511-699445ABE315}"
EndProject
Project("{FAE04EC0-301F-11D3-BF4B-00C04F79EFBC}") = "Ecommerce.Api.Products.Tests", "Ecommerce.Api.Products.Tests\Ecommerce.Api.Products.Tests.csproj", "{6E40AEE9-5C81-4853-BC1E-CCDEBEF3C2C6}"
EndProject
Global
	GlobalSection(SolutionConfigurationPlatforms) = preSolution
		Debug|Any CPU = Debug|Any CPU
		Release|Any CPU = Release|Any CPU
	EndGlobalSection
	GlobalSection(ProjectConfigurationPlatforms) = postSolution
		{53BFACAB-1C3C-42E7-BF6B-48246F499C04}.Debug|Any CPU.ActiveCfg = Debug|Any CPU
		{53BFACAB-1C3C-42E7-BF6B-48246F499C04}.Debug|Any CPU.Build.0 = Debug|Any CPU
		{53BFACAB-1C3C-42E7-BF6B-48246F499C04}.Release|Any CPU.ActiveCfg = Release|Any CPU
		{53BFACAB-1C3C-42E7-BF6B-48246F499C04}.Release|Any CPU.Build.0 = Release|Any CPU
		{78FEC088-85B3-4D98-8D71-315FBA4C32C4}.Debug|Any CPU.ActiveCfg = Debug|Any CPU
		{78FEC088-85B3-4D98-8D71-315FBA4C32C4}.Debug|Any CPU.Build.0 = Debug|Any CPU
		{78FEC088-85B3-4D98-8D71-315FBA4C32C4}.Release|Any CPU.ActiveCfg = Release|Any CPU
		{78FEC088-85B3-4D98-8D71-315FBA4C32C4}.Release|Any CPU.Build.0 = Release|Any CPU
		{E6A47066-2420-4EDF-B653-B21A9BBF5B3C}.Debug|Any CPU.ActiveCfg = Debug|Any CPU
		{E6A47066-2420-4EDF-B653-B21A9BBF5B3C}.Debug|Any CPU.Build.0 = Debug|Any CPU
		{E6A47066-2420-4EDF-B653-B21A9BBF5B3C}.Release|Any CPU.ActiveCfg = Release|Any CPU
		{E6A47066-2420-4EDF-B653-B21A9BBF5B3C}.Release|Any CPU.Build.0 = Release|Any CPU
		{0FE59BA5-EB85-4875-8511-699445ABE315}.Debug|Any CPU.ActiveCfg = Debug|Any CPU
		{0FE59BA5-EB85-4875-8511-699445ABE315}.Debug|Any CPU.Build.0 = Debug|Any CPU
		{0FE59BA5-EB85-4875-8511-699445ABE315}.Release|Any CPU.ActiveCfg = Release|Any CPU
		{0FE59BA5-EB85-4875-8511-699445ABE315}.Release|Any CPU.Build.0 = Release|Any CPU
		{6E40AEE9-5C81-4853-BC1E-CCDEBEF3C2C6}.Debug|Any CPU.ActiveCfg = Debug|Any CPU
		{6E40AEE9-5C81-4853-BC1E-CCDEBEF3C2C6}.Debug|Any CPU.Build.0 = Debug|Any CPU
		{6E40AEE9-5C81-4853-BC1E-CCDEBEF3C2C6}.Release|Any CPU.ActiveCfg = Release|Any CPU
		{6E40AEE9-5C81-4853-BC1E-CCDEBEF3C2C6}.Release|Any CPU.Build.0 = Release|Any CPU
	EndGlobalSection
	GlobalSection(SolutionProperties) = preSolution
		HideSolutionNode = FALSE
	EndGlobalSection
	GlobalSection(ExtensibilityGlobals) = postSolution
		SolutionGuid = {CFE30976-1E72-44CC-A767-4BBE9CC1F1B7}
	EndGlobalSection
EndGlobal
